{
  "version": 4,
  "terraform_version": "1.1.8",
  "serial": 342,
  "lineage": "d2c1074c-ce07-cfb5-1a61-163d08eb2ce0",
  "outputs": {},
  "resources": [
    {
      "mode": "managed",
      "type": "docker_container",
      "name": "nginx-bankapp-frontend",
      "provider": "provider[\"registry.terraform.io/kreuzwerker/docker\"]",
      "instances": []
    },
    {
      "mode": "managed",
      "type": "docker_container",
      "name": "nginx-bankapp-processing",
      "provider": "provider[\"registry.terraform.io/kreuzwerker/docker\"]",
      "instances": []
    },
    {
      "mode": "managed",
      "type": "docker_container",
      "name": "nginx-bankapp-the-beam",
      "provider": "provider[\"registry.terraform.io/kreuzwerker/docker\"]",
      "instances": []
    },
    {
      "mode": "managed",
      "type": "docker_image",
      "name": "nginx",
      "provider": "provider[\"registry.terraform.io/kreuzwerker/docker\"]",
      "instances": [
        {
          "schema_version": 0,
          "attributes": {
            "build": [],
            "force_remove": null,
            "id": "sha256:25e95cb1a7d580f69194973a281ea9a3c0bee6af14c1226aadd68af2281cf648paulternate/ssl-nginx",
            "keep_locally": null,
            "latest": "sha256:25e95cb1a7d580f69194973a281ea9a3c0bee6af14c1226aadd68af2281cf648",
            "name": "paulternate/ssl-nginx",
            "output": null,
            "pull_trigger": null,
            "pull_triggers": null,
            "repo_digest": "paulternate/ssl-nginx@sha256:de11cbc7730af5f0634808ee00788ef37b3aa27eff98c96e44d4f1719258a25f"
          },
          "sensitive_attributes": [],
          "private": "bnVsbA=="
        }
      ]
    }
  ]
}
